
Microsoft Visual Studio Solution File, Format Version 12.00
# Visual Studio Version 16
VisualStudioVersion = 16.0.29201.188
MinimumVisualStudioVersion = 10.0.40219.1
Project("{FAE04EC0-301F-11D3-BF4B-00C04F79EFBC}") = "Hr.Payroll", "Hr.Payroll\Hr.Payroll.csproj", "{0E889787-DEE8-4B36-B4F3-C227A5190CEB}"
EndProject
Global
	GlobalSection(SolutionConfigurationPlatforms) = preSolution
		Debug|Any CPU = Debug|Any CPU
		Release|Any CPU = Release|Any CPU
	EndGlobalSection
	GlobalSection(ProjectConfigurationPlatforms) = postSolution
		{0E889787-DEE8-4B36-B4F3-C227A5190CEB}.Debug|Any CPU.ActiveCfg = Debug|Any CPU
		{0E889787-DEE8-4B36-B4F3-C227A5190CEB}.Debug|Any CPU.Build.0 = Debug|Any CPU
		{0E889787-DEE8-4B36-B4F3-C227A5190CEB}.Release|Any CPU.ActiveCfg = Release|Any CPU
		{0E889787-DEE8-4B36-B4F3-C227A5190CEB}.Release|Any CPU.Build.0 = Release|Any CPU
	EndGlobalSection
	GlobalSection(SolutionProperties) = preSolution
		HideSolutionNode = FALSE
	EndGlobalSection
	GlobalSection(ExtensibilityGlobals) = postSolution
		SolutionGuid = {E9AC0F85-472D-4D00-8A7E-8532A8C80FC7}
	EndGlobalSection
EndGlobal
